
Microsoft Visual Studio Solution File, Format Version 12.00
# Visual Studio Version 16
VisualStudioVersion = 16.0.30804.86
MinimumVisualStudioVersion = 10.0.40219.1
Project("{FAE04EC0-301F-11D3-BF4B-00C04F79EFBC}") = "trainerCETutorial", "trainerCETutorial\trainerCETutorial.csproj", "{1FDEA42E-D9CD-4496-88DA-8DD10A551EDA}"
EndProject
Global
	GlobalSection(SolutionConfigurationPlatforms) = preSolution
		Debug|Any CPU = Debug|Any CPU
		Release|Any CPU = Release|Any CPU
	EndGlobalSection
	GlobalSection(ProjectConfigurationPlatforms) = postSolution
		{1FDEA42E-D9CD-4496-88DA-8DD10A551EDA}.Debug|Any CPU.ActiveCfg = Debug|Any CPU
		{1FDEA42E-D9CD-4496-88DA-8DD10A551EDA}.Debug|Any CPU.Build.0 = Debug|Any CPU
		{1FDEA42E-D9CD-4496-88DA-8DD10A551EDA}.Release|Any CPU.ActiveCfg = Release|Any CPU
		{1FDEA42E-D9CD-4496-88DA-8DD10A551EDA}.Release|Any CPU.Build.0 = Release|Any CPU
	EndGlobalSection
	GlobalSection(SolutionProperties) = preSolution
		HideSolutionNode = FALSE
	EndGlobalSection
	GlobalSection(ExtensibilityGlobals) = postSolution
		SolutionGuid = {AEE3EC3F-7FC4-4E4C-AE92-B0E525CE509E}
	EndGlobalSection
EndGlobal
